
Microsoft Visual Studio Solution File, Format Version 11.00
# Visual Studio 2010
Project("{FAE04EC0-301F-11D3-BF4B-00C04F79EFBC}") = "UnitTests", "Tests\UnitTests\UnitTests.csproj", "{7B396C7B-6247-44C8-AC9C-3A2F1EC516E6}"
EndProject
Project("{FAE04EC0-301F-11D3-BF4B-00C04F79EFBC}") = "BuildTasks", "Build\BuildTasks\BuildTasks.csproj", "{B2E51AC6-BE3A-42D0-8BBE-40EF7F2CEFFB}"
EndProject
Project("{2150E333-8FDC-42A3-9474-1A3956D46DE8}") = "Build", "Build", "{04D4551D-3B1A-4CD8-8631-F4DE3FDB9549}"
	ProjectSection(SolutionItems) = preProject
		Build\BuildExpollapser.proj = Build\BuildExpollapser.proj
	EndProjectSection
EndProject
Project("{2150E333-8FDC-42A3-9474-1A3956D46DE8}") = "Tests", "Tests", "{3760124F-6E57-4B89-BE62-55C17A541A87}"
EndProject
Project("{E24C65DC-7377-472B-9ABA-BC803B73C61A}") = "Expollapser", "..\", "{59DC5582-7928-4538-96E2-AA2A8A0AAB32}"
	ProjectSection(WebsiteProperties) = preProject
		TargetFrameworkMoniker = ".NETFramework,Version%3Dv4.0"
		Debug.AspNetCompiler.VirtualPath = "/Expollapser"
		Debug.AspNetCompiler.PhysicalPath = "..\..\Expollapser\"
		Debug.AspNetCompiler.TargetPath = "PrecompiledWeb\Expollapser\"
		Debug.AspNetCompiler.Updateable = "true"
		Debug.AspNetCompiler.ForceOverwrite = "true"
		Debug.AspNetCompiler.FixedNames = "false"
		Debug.AspNetCompiler.Debug = "True"
		Release.AspNetCompiler.VirtualPath = "/Expollapser"
		Release.AspNetCompiler.PhysicalPath = "..\..\Expollapser\"
		Release.AspNetCompiler.TargetPath = "PrecompiledWeb\Expollapser\"
		Release.AspNetCompiler.Updateable = "true"
		Release.AspNetCompiler.ForceOverwrite = "true"
		Release.AspNetCompiler.FixedNames = "false"
		Release.AspNetCompiler.Debug = "False"
		VWDPort = "5940"
	EndProjectSection
EndProject
Global
	GlobalSection(SolutionConfigurationPlatforms) = preSolution
		Debug|Any CPU = Debug|Any CPU
		Release|Any CPU = Release|Any CPU
	EndGlobalSection
	GlobalSection(ProjectConfigurationPlatforms) = postSolution
		{7B396C7B-6247-44C8-AC9C-3A2F1EC516E6}.Debug|Any CPU.ActiveCfg = Debug|Any CPU
		{7B396C7B-6247-44C8-AC9C-3A2F1EC516E6}.Debug|Any CPU.Build.0 = Debug|Any CPU
		{7B396C7B-6247-44C8-AC9C-3A2F1EC516E6}.Release|Any CPU.ActiveCfg = Release|Any CPU
		{7B396C7B-6247-44C8-AC9C-3A2F1EC516E6}.Release|Any CPU.Build.0 = Release|Any CPU
		{B2E51AC6-BE3A-42D0-8BBE-40EF7F2CEFFB}.Debug|Any CPU.ActiveCfg = Debug|Any CPU
		{B2E51AC6-BE3A-42D0-8BBE-40EF7F2CEFFB}.Debug|Any CPU.Build.0 = Debug|Any CPU
		{B2E51AC6-BE3A-42D0-8BBE-40EF7F2CEFFB}.Release|Any CPU.ActiveCfg = Release|Any CPU
		{B2E51AC6-BE3A-42D0-8BBE-40EF7F2CEFFB}.Release|Any CPU.Build.0 = Release|Any CPU
		{59DC5582-7928-4538-96E2-AA2A8A0AAB32}.Debug|Any CPU.ActiveCfg = Debug|Any CPU
		{59DC5582-7928-4538-96E2-AA2A8A0AAB32}.Debug|Any CPU.Build.0 = Debug|Any CPU
		{59DC5582-7928-4538-96E2-AA2A8A0AAB32}.Release|Any CPU.ActiveCfg = Debug|Any CPU
		{59DC5582-7928-4538-96E2-AA2A8A0AAB32}.Release|Any CPU.Build.0 = Debug|Any CPU
	EndGlobalSection
	GlobalSection(SolutionProperties) = preSolution
		HideSolutionNode = FALSE
	EndGlobalSection
	GlobalSection(NestedProjects) = preSolution
		{7B396C7B-6247-44C8-AC9C-3A2F1EC516E6} = {3760124F-6E57-4B89-BE62-55C17A541A87}
		{B2E51AC6-BE3A-42D0-8BBE-40EF7F2CEFFB} = {04D4551D-3B1A-4CD8-8631-F4DE3FDB9549}
	EndGlobalSection
EndGlobal
