
Microsoft Visual Studio Solution File, Format Version 11.00
# Visual Studio 2010
Project("{FAE04EC0-301F-11D3-BF4B-00C04F79EFBC}") = "WorkBench", "Application\WorkBench\WorkBench.csproj", "{41177934-0426-4189-B238-63837E466322}"
EndProject
Project("{FAE04EC0-301F-11D3-BF4B-00C04F79EFBC}") = "UnitTests", "Tests\UnitTests\UnitTests.csproj", "{7B396C7B-6247-44C8-AC9C-3A2F1EC516E6}"
EndProject
Project("{FAE04EC0-301F-11D3-BF4B-00C04F79EFBC}") = "BuildTasks", "Build\BuildTasks\BuildTasks.csproj", "{B2E51AC6-BE3A-42D0-8BBE-40EF7F2CEFFB}"
EndProject
Project("{2150E333-8FDC-42A3-9474-1A3956D46DE8}") = "Build", "Build", "{04D4551D-3B1A-4CD8-8631-F4DE3FDB9549}"
	ProjectSection(SolutionItems) = preProject
		Build\BuildExpollapser.proj = Build\BuildExpollapser.proj
	EndProjectSection
EndProject
Project("{2150E333-8FDC-42A3-9474-1A3956D46DE8}") = "Tests", "Tests", "{3760124F-6E57-4B89-BE62-55C17A541A87}"
EndProject
Global
	GlobalSection(SolutionConfigurationPlatforms) = preSolution
		Debug|Any CPU = Debug|Any CPU
		Release|Any CPU = Release|Any CPU
	EndGlobalSection
	GlobalSection(ProjectConfigurationPlatforms) = postSolution
		{41177934-0426-4189-B238-63837E466322}.Debug|Any CPU.ActiveCfg = Debug|Any CPU
		{41177934-0426-4189-B238-63837E466322}.Debug|Any CPU.Build.0 = Debug|Any CPU
		{41177934-0426-4189-B238-63837E466322}.Release|Any CPU.ActiveCfg = Release|Any CPU
		{41177934-0426-4189-B238-63837E466322}.Release|Any CPU.Build.0 = Release|Any CPU
		{7B396C7B-6247-44C8-AC9C-3A2F1EC516E6}.Debug|Any CPU.ActiveCfg = Debug|Any CPU
		{7B396C7B-6247-44C8-AC9C-3A2F1EC516E6}.Debug|Any CPU.Build.0 = Debug|Any CPU
		{7B396C7B-6247-44C8-AC9C-3A2F1EC516E6}.Release|Any CPU.ActiveCfg = Release|Any CPU
		{7B396C7B-6247-44C8-AC9C-3A2F1EC516E6}.Release|Any CPU.Build.0 = Release|Any CPU
		{B2E51AC6-BE3A-42D0-8BBE-40EF7F2CEFFB}.Debug|Any CPU.ActiveCfg = Debug|Any CPU
		{B2E51AC6-BE3A-42D0-8BBE-40EF7F2CEFFB}.Debug|Any CPU.Build.0 = Debug|Any CPU
		{B2E51AC6-BE3A-42D0-8BBE-40EF7F2CEFFB}.Release|Any CPU.ActiveCfg = Release|Any CPU
		{B2E51AC6-BE3A-42D0-8BBE-40EF7F2CEFFB}.Release|Any CPU.Build.0 = Release|Any CPU
	EndGlobalSection
	GlobalSection(SolutionProperties) = preSolution
		HideSolutionNode = FALSE
	EndGlobalSection
	GlobalSection(NestedProjects) = preSolution
		{B2E51AC6-BE3A-42D0-8BBE-40EF7F2CEFFB} = {04D4551D-3B1A-4CD8-8631-F4DE3FDB9549}
		{7B396C7B-6247-44C8-AC9C-3A2F1EC516E6} = {3760124F-6E57-4B89-BE62-55C17A541A87}
	EndGlobalSection
EndGlobal
